
Microsoft Visual Studio Solution File, Format Version 12.00
# Visual Studio Version 16
VisualStudioVersion = 16.0.30114.105
MinimumVisualStudioVersion = 10.0.40219.1
Project("{FAE04EC0-301F-11D3-BF4B-00C04F79EFBC}") = "Cell-On-API", "Cell-On-API\Cell-On-API.csproj", "{9885B769-84E9-4831-BC0C-FC4493A8CCB2}"
EndProject
Project("{FAE04EC0-301F-11D3-BF4B-00C04F79EFBC}") = "Cell-On-Web", "Cell-On-Web\Cell-On-Web.csproj", "{BF3670CF-86E7-4D57-A432-4A0E0846EC36}"
EndProject
Global
	GlobalSection(SolutionConfigurationPlatforms) = preSolution
		Debug|Any CPU = Debug|Any CPU
		Release|Any CPU = Release|Any CPU
	EndGlobalSection
	GlobalSection(ProjectConfigurationPlatforms) = postSolution
		{9885B769-84E9-4831-BC0C-FC4493A8CCB2}.Debug|Any CPU.ActiveCfg = Debug|Any CPU
		{9885B769-84E9-4831-BC0C-FC4493A8CCB2}.Debug|Any CPU.Build.0 = Debug|Any CPU
		{9885B769-84E9-4831-BC0C-FC4493A8CCB2}.Release|Any CPU.ActiveCfg = Release|Any CPU
		{9885B769-84E9-4831-BC0C-FC4493A8CCB2}.Release|Any CPU.Build.0 = Release|Any CPU
		{BF3670CF-86E7-4D57-A432-4A0E0846EC36}.Debug|Any CPU.ActiveCfg = Debug|Any CPU
		{BF3670CF-86E7-4D57-A432-4A0E0846EC36}.Debug|Any CPU.Build.0 = Debug|Any CPU
		{BF3670CF-86E7-4D57-A432-4A0E0846EC36}.Release|Any CPU.ActiveCfg = Release|Any CPU
		{BF3670CF-86E7-4D57-A432-4A0E0846EC36}.Release|Any CPU.Build.0 = Release|Any CPU
	EndGlobalSection
	GlobalSection(SolutionProperties) = preSolution
		HideSolutionNode = FALSE
	EndGlobalSection
	GlobalSection(ExtensibilityGlobals) = postSolution
		SolutionGuid = {E4755E58-A7AD-4E23-817A-BF05BC88B1CC}
	EndGlobalSection
EndGlobal
